
Microsoft Visual Studio Solution File, Format Version 12.00
# Visual Studio Version 16
VisualStudioVersion = 16.6.30114.105
MinimumVisualStudioVersion = 10.0.40219.1
Project("{FAE04EC0-301F-11D3-BF4B-00C04F79EFBC}") = "Proton", "src\Proton\Proton.csproj", "{101F0276-086A-4955-A762-75CA8527E8CA}"
EndProject
Project("{FAE04EC0-301F-11D3-BF4B-00C04F79EFBC}") = "Proton.Client", "src\Proton.Client\Proton.Client.csproj", "{68DD9A4F-42F3-431E-AE1F-6A68F391B790}"
EndProject
Project("{FAE04EC0-301F-11D3-BF4B-00C04F79EFBC}") = "Proton.TestPeer", "src\Proton.TestPeer\Proton.TestPeer.csproj", "{74E2D2C1-C0A6-40BC-8BB5-C213E95ACD73}"
EndProject
Project("{FAE04EC0-301F-11D3-BF4B-00C04F79EFBC}") = "Proton.Tests", "test\Proton.Tests\Proton.Tests.csproj", "{D5844EF9-4F95-4FEA-ADB0-A7F51024ADEA}"
EndProject
Project("{FAE04EC0-301F-11D3-BF4B-00C04F79EFBC}") = "Proton.Client.Tests", "test\Proton.Client.Tests\Proton.Client.Tests.csproj", "{BB4EA4F2-EA31-447F-83B5-F8F594437D28}"
EndProject
Project("{FAE04EC0-301F-11D3-BF4B-00C04F79EFBC}") = "Proton.TestPeer.Tests", "test\Proton.TestPeer.Tests\Proton.TestPeer.Tests.csproj", "{93F313B9-519F-43CF-9ECC-BA10AB45F7CB}"
EndProject
Project("{2150E333-8FDC-42A3-9474-1A3956D46DE8}") = "examples", "examples", "{86674F9E-B027-47C7-A5B7-C7B346665600}"
EndProject
Project("{FAE04EC0-301F-11D3-BF4B-00C04F79EFBC}") = "Example.HelloWorld", "examples\Example.HelloWorld\Example.HelloWorld.csproj", "{A6F37028-A5C3-4A73-B21F-CF8D88F18144}"
EndProject
Project("{FAE04EC0-301F-11D3-BF4B-00C04F79EFBC}") = "Example.Send", "examples\Example.Send\Example.Send.csproj", "{5402FB26-852D-4B57-A8BA-04E4CA8C3776}"
EndProject
Project("{FAE04EC0-301F-11D3-BF4B-00C04F79EFBC}") = "Example.Receive", "examples\Example.Receive\Example.Receive.csproj", "{BDF3640C-AE51-4DE9-A00B-319B728908F2}"
EndProject
Project("{FAE04EC0-301F-11D3-BF4B-00C04F79EFBC}") = "Example.Request", "examples\Example.Request\Example.Request.csproj", "{3D4EDF9D-AAF2-4BB4-AD03-8A8F9A04725B}"
EndProject
Project("{FAE04EC0-301F-11D3-BF4B-00C04F79EFBC}") = "Example.Respond", "examples\Example.Respond\Example.Respond.csproj", "{5E88267E-C206-4DAC-9257-CF08984E26AE}"
EndProject
Project("{FAE04EC0-301F-11D3-BF4B-00C04F79EFBC}") = "Example.LargeMessageSender", "examples\Example.LargeMessageSender\Example.LargeMessageSender.csproj", "{8B3EECF0-8F0F-483D-8FCD-34B1B4482D47}"
EndProject
Project("{FAE04EC0-301F-11D3-BF4B-00C04F79EFBC}") = "Example.LargeMessageReceiver", "examples\Example.LargeMessageReceiver\Example.LargeMessageReceiver.csproj", "{71C4942D-18A3-44B5-97D2-E7B75EF06977}"
EndProject
Project("{FAE04EC0-301F-11D3-BF4B-00C04F79EFBC}") = "Example.TransactedSender", "examples\Example.TransactedSender\Example.TransactedSender.csproj", "{17CA505D-6C39-42E7-805C-264DD6FD35FD}"
EndProject
Project("{FAE04EC0-301F-11D3-BF4B-00C04F79EFBC}") = "Example.TransactedReceiver", "examples\Example.TransactedReceiver\Example.TransactedReceiver.csproj", "{3E0D1546-CC1A-404F-A144-3D3973487F5C}"
EndProject
Project("{FAE04EC0-301F-11D3-BF4B-00C04F79EFBC}") = "Example.StreamingFileSender", "examples\Example.StreamingFileSender\Example.StreamingFileSender.csproj", "{852B3CB7-36FC-41C4-A31D-CCAECBFF2F73}"
EndProject
Project("{FAE04EC0-301F-11D3-BF4B-00C04F79EFBC}") = "Example.StreamingFileReceiver", "examples\Example.StreamingFileReceiver\Example.StreamingFileReceiver.csproj", "{F837AEE2-057D-4328-8ED6-81CEFBE4008C}"
EndProject
Project("{FAE04EC0-301F-11D3-BF4B-00C04F79EFBC}") = "Example.ReconnectSender", "examples\Example.ReconnectSender\Example.ReconnectSender.csproj", "{A756CFD0-C28C-4995-A08D-F446DC62C991}"
EndProject
Project("{FAE04EC0-301F-11D3-BF4B-00C04F79EFBC}") = "Example.ReconnectReceiver", "examples\Example.ReconnectReceiver\Example.ReconnectReceiver.csproj", "{2E5B03AB-2E32-43A5-9374-868DA143E4B3}"
EndProject
Project("{2150E333-8FDC-42A3-9474-1A3956D46DE8}") = "src", "src", "{94B898B7-8B81-418A-A4E0-77FBECC29D96}"
EndProject
Project("{FAE04EC0-301F-11D3-BF4B-00C04F79EFBC}") = "Proton.Common", "src\Proton.Common\Proton.Common.csproj", "{F1794525-D51F-461C-8139-9FCEFBCBA794}"
EndProject
Project("{2150E333-8FDC-42A3-9474-1A3956D46DE8}") = "test", "test", "{2ECCDCE2-E337-450A-B8D1-5019AC0991C0}"
EndProject
Project("{FAE04EC0-301F-11D3-BF4B-00C04F79EFBC}") = "Proton.Common.Tests", "test\Proton.Common.Tests\Proton.Common.Tests.csproj", "{38118C21-31F1-4FEB-B015-C26A871762F1}"
EndProject
Global
	GlobalSection(SolutionConfigurationPlatforms) = preSolution
		Debug|Any CPU = Debug|Any CPU
		Debug|x64 = Debug|x64
		Debug|x86 = Debug|x86
		Release|Any CPU = Release|Any CPU
		Release|x64 = Release|x64
		Release|x86 = Release|x86
	EndGlobalSection
	GlobalSection(SolutionProperties) = preSolution
		HideSolutionNode = FALSE
	EndGlobalSection
	GlobalSection(ProjectConfigurationPlatforms) = postSolution
		{101F0276-086A-4955-A762-75CA8527E8CA}.Debug|Any CPU.ActiveCfg = Debug|Any CPU
		{101F0276-086A-4955-A762-75CA8527E8CA}.Debug|Any CPU.Build.0 = Debug|Any CPU
		{101F0276-086A-4955-A762-75CA8527E8CA}.Debug|x64.ActiveCfg = Debug|Any CPU
		{101F0276-086A-4955-A762-75CA8527E8CA}.Debug|x64.Build.0 = Debug|Any CPU
		{101F0276-086A-4955-A762-75CA8527E8CA}.Debug|x86.ActiveCfg = Debug|Any CPU
		{101F0276-086A-4955-A762-75CA8527E8CA}.Debug|x86.Build.0 = Debug|Any CPU
		{101F0276-086A-4955-A762-75CA8527E8CA}.Release|Any CPU.ActiveCfg = Release|Any CPU
		{101F0276-086A-4955-A762-75CA8527E8CA}.Release|Any CPU.Build.0 = Release|Any CPU
		{101F0276-086A-4955-A762-75CA8527E8CA}.Release|x64.ActiveCfg = Release|Any CPU
		{101F0276-086A-4955-A762-75CA8527E8CA}.Release|x64.Build.0 = Release|Any CPU
		{101F0276-086A-4955-A762-75CA8527E8CA}.Release|x86.ActiveCfg = Release|Any CPU
		{101F0276-086A-4955-A762-75CA8527E8CA}.Release|x86.Build.0 = Release|Any CPU
		{68DD9A4F-42F3-431E-AE1F-6A68F391B790}.Debug|Any CPU.ActiveCfg = Debug|Any CPU
		{68DD9A4F-42F3-431E-AE1F-6A68F391B790}.Debug|Any CPU.Build.0 = Debug|Any CPU
		{68DD9A4F-42F3-431E-AE1F-6A68F391B790}.Debug|x64.ActiveCfg = Debug|Any CPU
		{68DD9A4F-42F3-431E-AE1F-6A68F391B790}.Debug|x64.Build.0 = Debug|Any CPU
		{68DD9A4F-42F3-431E-AE1F-6A68F391B790}.Debug|x86.ActiveCfg = Debug|Any CPU
		{68DD9A4F-42F3-431E-AE1F-6A68F391B790}.Debug|x86.Build.0 = Debug|Any CPU
		{68DD9A4F-42F3-431E-AE1F-6A68F391B790}.Release|Any CPU.ActiveCfg = Release|Any CPU
		{68DD9A4F-42F3-431E-AE1F-6A68F391B790}.Release|Any CPU.Build.0 = Release|Any CPU
		{68DD9A4F-42F3-431E-AE1F-6A68F391B790}.Release|x64.ActiveCfg = Release|Any CPU
		{68DD9A4F-42F3-431E-AE1F-6A68F391B790}.Release|x64.Build.0 = Release|Any CPU
		{68DD9A4F-42F3-431E-AE1F-6A68F391B790}.Release|x86.ActiveCfg = Release|Any CPU
		{68DD9A4F-42F3-431E-AE1F-6A68F391B790}.Release|x86.Build.0 = Release|Any CPU
		{74E2D2C1-C0A6-40BC-8BB5-C213E95ACD73}.Debug|Any CPU.ActiveCfg = Debug|Any CPU
		{74E2D2C1-C0A6-40BC-8BB5-C213E95ACD73}.Debug|Any CPU.Build.0 = Debug|Any CPU
		{74E2D2C1-C0A6-40BC-8BB5-C213E95ACD73}.Debug|x64.ActiveCfg = Debug|Any CPU
		{74E2D2C1-C0A6-40BC-8BB5-C213E95ACD73}.Debug|x64.Build.0 = Debug|Any CPU
		{74E2D2C1-C0A6-40BC-8BB5-C213E95ACD73}.Debug|x86.ActiveCfg = Debug|Any CPU
		{74E2D2C1-C0A6-40BC-8BB5-C213E95ACD73}.Debug|x86.Build.0 = Debug|Any CPU
		{74E2D2C1-C0A6-40BC-8BB5-C213E95ACD73}.Release|Any CPU.ActiveCfg = Release|Any CPU
		{74E2D2C1-C0A6-40BC-8BB5-C213E95ACD73}.Release|Any CPU.Build.0 = Release|Any CPU
		{74E2D2C1-C0A6-40BC-8BB5-C213E95ACD73}.Release|x64.ActiveCfg = Release|Any CPU
		{74E2D2C1-C0A6-40BC-8BB5-C213E95ACD73}.Release|x64.Build.0 = Release|Any CPU
		{74E2D2C1-C0A6-40BC-8BB5-C213E95ACD73}.Release|x86.ActiveCfg = Release|Any CPU
		{74E2D2C1-C0A6-40BC-8BB5-C213E95ACD73}.Release|x86.Build.0 = Release|Any CPU
		{D5844EF9-4F95-4FEA-ADB0-A7F51024ADEA}.Debug|Any CPU.ActiveCfg = Debug|Any CPU
		{D5844EF9-4F95-4FEA-ADB0-A7F51024ADEA}.Debug|Any CPU.Build.0 = Debug|Any CPU
		{D5844EF9-4F95-4FEA-ADB0-A7F51024ADEA}.Debug|x64.ActiveCfg = Debug|Any CPU
		{D5844EF9-4F95-4FEA-ADB0-A7F51024ADEA}.Debug|x64.Build.0 = Debug|Any CPU
		{D5844EF9-4F95-4FEA-ADB0-A7F51024ADEA}.Debug|x86.ActiveCfg = Debug|Any CPU
		{D5844EF9-4F95-4FEA-ADB0-A7F51024ADEA}.Debug|x86.Build.0 = Debug|Any CPU
		{D5844EF9-4F95-4FEA-ADB0-A7F51024ADEA}.Release|Any CPU.ActiveCfg = Release|Any CPU
		{D5844EF9-4F95-4FEA-ADB0-A7F51024ADEA}.Release|Any CPU.Build.0 = Release|Any CPU
		{D5844EF9-4F95-4FEA-ADB0-A7F51024ADEA}.Release|x64.ActiveCfg = Release|Any CPU
		{D5844EF9-4F95-4FEA-ADB0-A7F51024ADEA}.Release|x64.Build.0 = Release|Any CPU
		{D5844EF9-4F95-4FEA-ADB0-A7F51024ADEA}.Release|x86.ActiveCfg = Release|Any CPU
		{D5844EF9-4F95-4FEA-ADB0-A7F51024ADEA}.Release|x86.Build.0 = Release|Any CPU
		{BB4EA4F2-EA31-447F-83B5-F8F594437D28}.Debug|Any CPU.ActiveCfg = Debug|Any CPU
		{BB4EA4F2-EA31-447F-83B5-F8F594437D28}.Debug|Any CPU.Build.0 = Debug|Any CPU
		{BB4EA4F2-EA31-447F-83B5-F8F594437D28}.Debug|x64.ActiveCfg = Debug|Any CPU
		{BB4EA4F2-EA31-447F-83B5-F8F594437D28}.Debug|x64.Build.0 = Debug|Any CPU
		{BB4EA4F2-EA31-447F-83B5-F8F594437D28}.Debug|x86.ActiveCfg = Debug|Any CPU
		{BB4EA4F2-EA31-447F-83B5-F8F594437D28}.Debug|x86.Build.0 = Debug|Any CPU
		{BB4EA4F2-EA31-447F-83B5-F8F594437D28}.Release|Any CPU.ActiveCfg = Release|Any CPU
		{BB4EA4F2-EA31-447F-83B5-F8F594437D28}.Release|Any CPU.Build.0 = Release|Any CPU
		{BB4EA4F2-EA31-447F-83B5-F8F594437D28}.Release|x64.ActiveCfg = Release|Any CPU
		{BB4EA4F2-EA31-447F-83B5-F8F594437D28}.Release|x64.Build.0 = Release|Any CPU
		{BB4EA4F2-EA31-447F-83B5-F8F594437D28}.Release|x86.ActiveCfg = Release|Any CPU
		{BB4EA4F2-EA31-447F-83B5-F8F594437D28}.Release|x86.Build.0 = Release|Any CPU
		{93F313B9-519F-43CF-9ECC-BA10AB45F7CB}.Debug|Any CPU.ActiveCfg = Debug|Any CPU
		{93F313B9-519F-43CF-9ECC-BA10AB45F7CB}.Debug|Any CPU.Build.0 = Debug|Any CPU
		{93F313B9-519F-43CF-9ECC-BA10AB45F7CB}.Debug|x64.ActiveCfg = Debug|Any CPU
		{93F313B9-519F-43CF-9ECC-BA10AB45F7CB}.Debug|x64.Build.0 = Debug|Any CPU
		{93F313B9-519F-43CF-9ECC-BA10AB45F7CB}.Debug|x86.ActiveCfg = Debug|Any CPU
		{93F313B9-519F-43CF-9ECC-BA10AB45F7CB}.Debug|x86.Build.0 = Debug|Any CPU
		{93F313B9-519F-43CF-9ECC-BA10AB45F7CB}.Release|Any CPU.ActiveCfg = Release|Any CPU
		{93F313B9-519F-43CF-9ECC-BA10AB45F7CB}.Release|Any CPU.Build.0 = Release|Any CPU
		{93F313B9-519F-43CF-9ECC-BA10AB45F7CB}.Release|x64.ActiveCfg = Release|Any CPU
		{93F313B9-519F-43CF-9ECC-BA10AB45F7CB}.Release|x64.Build.0 = Release|Any CPU
		{93F313B9-519F-43CF-9ECC-BA10AB45F7CB}.Release|x86.ActiveCfg = Release|Any CPU
		{93F313B9-519F-43CF-9ECC-BA10AB45F7CB}.Release|x86.Build.0 = Release|Any CPU
		{A6F37028-A5C3-4A73-B21F-CF8D88F18144}.Debug|Any CPU.ActiveCfg = Debug|Any CPU
		{A6F37028-A5C3-4A73-B21F-CF8D88F18144}.Debug|Any CPU.Build.0 = Debug|Any CPU
		{A6F37028-A5C3-4A73-B21F-CF8D88F18144}.Debug|x64.ActiveCfg = Debug|Any CPU
		{A6F37028-A5C3-4A73-B21F-CF8D88F18144}.Debug|x64.Build.0 = Debug|Any CPU
		{A6F37028-A5C3-4A73-B21F-CF8D88F18144}.Debug|x86.ActiveCfg = Debug|Any CPU
		{A6F37028-A5C3-4A73-B21F-CF8D88F18144}.Debug|x86.Build.0 = Debug|Any CPU
		{A6F37028-A5C3-4A73-B21F-CF8D88F18144}.Release|Any CPU.ActiveCfg = Release|Any CPU
		{A6F37028-A5C3-4A73-B21F-CF8D88F18144}.Release|Any CPU.Build.0 = Release|Any CPU
		{A6F37028-A5C3-4A73-B21F-CF8D88F18144}.Release|x64.ActiveCfg = Release|Any CPU
		{A6F37028-A5C3-4A73-B21F-CF8D88F18144}.Release|x64.Build.0 = Release|Any CPU
		{A6F37028-A5C3-4A73-B21F-CF8D88F18144}.Release|x86.ActiveCfg = Release|Any CPU
		{A6F37028-A5C3-4A73-B21F-CF8D88F18144}.Release|x86.Build.0 = Release|Any CPU
		{5402FB26-852D-4B57-A8BA-04E4CA8C3776}.Debug|Any CPU.ActiveCfg = Debug|Any CPU
		{5402FB26-852D-4B57-A8BA-04E4CA8C3776}.Debug|Any CPU.Build.0 = Debug|Any CPU
		{5402FB26-852D-4B57-A8BA-04E4CA8C3776}.Debug|x64.ActiveCfg = Debug|Any CPU
		{5402FB26-852D-4B57-A8BA-04E4CA8C3776}.Debug|x64.Build.0 = Debug|Any CPU
		{5402FB26-852D-4B57-A8BA-04E4CA8C3776}.Debug|x86.ActiveCfg = Debug|Any CPU
		{5402FB26-852D-4B57-A8BA-04E4CA8C3776}.Debug|x86.Build.0 = Debug|Any CPU
		{5402FB26-852D-4B57-A8BA-04E4CA8C3776}.Release|Any CPU.ActiveCfg = Release|Any CPU
		{5402FB26-852D-4B57-A8BA-04E4CA8C3776}.Release|Any CPU.Build.0 = Release|Any CPU
		{5402FB26-852D-4B57-A8BA-04E4CA8C3776}.Release|x64.ActiveCfg = Release|Any CPU
		{5402FB26-852D-4B57-A8BA-04E4CA8C3776}.Release|x64.Build.0 = Release|Any CPU
		{5402FB26-852D-4B57-A8BA-04E4CA8C3776}.Release|x86.ActiveCfg = Release|Any CPU
		{5402FB26-852D-4B57-A8BA-04E4CA8C3776}.Release|x86.Build.0 = Release|Any CPU
		{BDF3640C-AE51-4DE9-A00B-319B728908F2}.Debug|Any CPU.ActiveCfg = Debug|Any CPU
		{BDF3640C-AE51-4DE9-A00B-319B728908F2}.Debug|Any CPU.Build.0 = Debug|Any CPU
		{BDF3640C-AE51-4DE9-A00B-319B728908F2}.Debug|x64.ActiveCfg = Debug|Any CPU
		{BDF3640C-AE51-4DE9-A00B-319B728908F2}.Debug|x64.Build.0 = Debug|Any CPU
		{BDF3640C-AE51-4DE9-A00B-319B728908F2}.Debug|x86.ActiveCfg = Debug|Any CPU
		{BDF3640C-AE51-4DE9-A00B-319B728908F2}.Debug|x86.Build.0 = Debug|Any CPU
		{BDF3640C-AE51-4DE9-A00B-319B728908F2}.Release|Any CPU.ActiveCfg = Release|Any CPU
		{BDF3640C-AE51-4DE9-A00B-319B728908F2}.Release|Any CPU.Build.0 = Release|Any CPU
		{BDF3640C-AE51-4DE9-A00B-319B728908F2}.Release|x64.ActiveCfg = Release|Any CPU
		{BDF3640C-AE51-4DE9-A00B-319B728908F2}.Release|x64.Build.0 = Release|Any CPU
		{BDF3640C-AE51-4DE9-A00B-319B728908F2}.Release|x86.ActiveCfg = Release|Any CPU
		{BDF3640C-AE51-4DE9-A00B-319B728908F2}.Release|x86.Build.0 = Release|Any CPU
		{3D4EDF9D-AAF2-4BB4-AD03-8A8F9A04725B}.Debug|Any CPU.ActiveCfg = Debug|Any CPU
		{3D4EDF9D-AAF2-4BB4-AD03-8A8F9A04725B}.Debug|Any CPU.Build.0 = Debug|Any CPU
		{3D4EDF9D-AAF2-4BB4-AD03-8A8F9A04725B}.Debug|x64.ActiveCfg = Debug|Any CPU
		{3D4EDF9D-AAF2-4BB4-AD03-8A8F9A04725B}.Debug|x64.Build.0 = Debug|Any CPU
		{3D4EDF9D-AAF2-4BB4-AD03-8A8F9A04725B}.Debug|x86.ActiveCfg = Debug|Any CPU
		{3D4EDF9D-AAF2-4BB4-AD03-8A8F9A04725B}.Debug|x86.Build.0 = Debug|Any CPU
		{3D4EDF9D-AAF2-4BB4-AD03-8A8F9A04725B}.Release|Any CPU.ActiveCfg = Release|Any CPU
		{3D4EDF9D-AAF2-4BB4-AD03-8A8F9A04725B}.Release|Any CPU.Build.0 = Release|Any CPU
		{3D4EDF9D-AAF2-4BB4-AD03-8A8F9A04725B}.Release|x64.ActiveCfg = Release|Any CPU
		{3D4EDF9D-AAF2-4BB4-AD03-8A8F9A04725B}.Release|x64.Build.0 = Release|Any CPU
		{3D4EDF9D-AAF2-4BB4-AD03-8A8F9A04725B}.Release|x86.ActiveCfg = Release|Any CPU
		{3D4EDF9D-AAF2-4BB4-AD03-8A8F9A04725B}.Release|x86.Build.0 = Release|Any CPU
		{5E88267E-C206-4DAC-9257-CF08984E26AE}.Debug|Any CPU.ActiveCfg = Debug|Any CPU
		{5E88267E-C206-4DAC-9257-CF08984E26AE}.Debug|Any CPU.Build.0 = Debug|Any CPU
		{5E88267E-C206-4DAC-9257-CF08984E26AE}.Debug|x64.ActiveCfg = Debug|Any CPU
		{5E88267E-C206-4DAC-9257-CF08984E26AE}.Debug|x64.Build.0 = Debug|Any CPU
		{5E88267E-C206-4DAC-9257-CF08984E26AE}.Debug|x86.ActiveCfg = Debug|Any CPU
		{5E88267E-C206-4DAC-9257-CF08984E26AE}.Debug|x86.Build.0 = Debug|Any CPU
		{5E88267E-C206-4DAC-9257-CF08984E26AE}.Release|Any CPU.ActiveCfg = Release|Any CPU
		{5E88267E-C206-4DAC-9257-CF08984E26AE}.Release|Any CPU.Build.0 = Release|Any CPU
		{5E88267E-C206-4DAC-9257-CF08984E26AE}.Release|x64.ActiveCfg = Release|Any CPU
		{5E88267E-C206-4DAC-9257-CF08984E26AE}.Release|x64.Build.0 = Release|Any CPU
		{5E88267E-C206-4DAC-9257-CF08984E26AE}.Release|x86.ActiveCfg = Release|Any CPU
		{5E88267E-C206-4DAC-9257-CF08984E26AE}.Release|x86.Build.0 = Release|Any CPU
		{8B3EECF0-8F0F-483D-8FCD-34B1B4482D47}.Debug|Any CPU.ActiveCfg = Debug|Any CPU
		{8B3EECF0-8F0F-483D-8FCD-34B1B4482D47}.Debug|Any CPU.Build.0 = Debug|Any CPU
		{8B3EECF0-8F0F-483D-8FCD-34B1B4482D47}.Debug|x64.ActiveCfg = Debug|Any CPU
		{8B3EECF0-8F0F-483D-8FCD-34B1B4482D47}.Debug|x64.Build.0 = Debug|Any CPU
		{8B3EECF0-8F0F-483D-8FCD-34B1B4482D47}.Debug|x86.ActiveCfg = Debug|Any CPU
		{8B3EECF0-8F0F-483D-8FCD-34B1B4482D47}.Debug|x86.Build.0 = Debug|Any CPU
		{8B3EECF0-8F0F-483D-8FCD-34B1B4482D47}.Release|Any CPU.ActiveCfg = Release|Any CPU
		{8B3EECF0-8F0F-483D-8FCD-34B1B4482D47}.Release|Any CPU.Build.0 = Release|Any CPU
		{8B3EECF0-8F0F-483D-8FCD-34B1B4482D47}.Release|x64.ActiveCfg = Release|Any CPU
		{8B3EECF0-8F0F-483D-8FCD-34B1B4482D47}.Release|x64.Build.0 = Release|Any CPU
		{8B3EECF0-8F0F-483D-8FCD-34B1B4482D47}.Release|x86.ActiveCfg = Release|Any CPU
		{8B3EECF0-8F0F-483D-8FCD-34B1B4482D47}.Release|x86.Build.0 = Release|Any CPU
		{71C4942D-18A3-44B5-97D2-E7B75EF06977}.Debug|Any CPU.ActiveCfg = Debug|Any CPU
		{71C4942D-18A3-44B5-97D2-E7B75EF06977}.Debug|Any CPU.Build.0 = Debug|Any CPU
		{71C4942D-18A3-44B5-97D2-E7B75EF06977}.Debug|x64.ActiveCfg = Debug|Any CPU
		{71C4942D-18A3-44B5-97D2-E7B75EF06977}.Debug|x64.Build.0 = Debug|Any CPU
		{71C4942D-18A3-44B5-97D2-E7B75EF06977}.Debug|x86.ActiveCfg = Debug|Any CPU
		{71C4942D-18A3-44B5-97D2-E7B75EF06977}.Debug|x86.Build.0 = Debug|Any CPU
		{71C4942D-18A3-44B5-97D2-E7B75EF06977}.Release|Any CPU.ActiveCfg = Release|Any CPU
		{71C4942D-18A3-44B5-97D2-E7B75EF06977}.Release|Any CPU.Build.0 = Release|Any CPU
		{71C4942D-18A3-44B5-97D2-E7B75EF06977}.Release|x64.ActiveCfg = Release|Any CPU
		{71C4942D-18A3-44B5-97D2-E7B75EF06977}.Release|x64.Build.0 = Release|Any CPU
		{71C4942D-18A3-44B5-97D2-E7B75EF06977}.Release|x86.ActiveCfg = Release|Any CPU
		{71C4942D-18A3-44B5-97D2-E7B75EF06977}.Release|x86.Build.0 = Release|Any CPU
		{17CA505D-6C39-42E7-805C-264DD6FD35FD}.Debug|Any CPU.ActiveCfg = Debug|Any CPU
		{17CA505D-6C39-42E7-805C-264DD6FD35FD}.Debug|Any CPU.Build.0 = Debug|Any CPU
		{17CA505D-6C39-42E7-805C-264DD6FD35FD}.Debug|x64.ActiveCfg = Debug|Any CPU
		{17CA505D-6C39-42E7-805C-264DD6FD35FD}.Debug|x64.Build.0 = Debug|Any CPU
		{17CA505D-6C39-42E7-805C-264DD6FD35FD}.Debug|x86.ActiveCfg = Debug|Any CPU
		{17CA505D-6C39-42E7-805C-264DD6FD35FD}.Debug|x86.Build.0 = Debug|Any CPU
		{17CA505D-6C39-42E7-805C-264DD6FD35FD}.Release|Any CPU.ActiveCfg = Release|Any CPU
		{17CA505D-6C39-42E7-805C-264DD6FD35FD}.Release|Any CPU.Build.0 = Release|Any CPU
		{17CA505D-6C39-42E7-805C-264DD6FD35FD}.Release|x64.ActiveCfg = Release|Any CPU
		{17CA505D-6C39-42E7-805C-264DD6FD35FD}.Release|x64.Build.0 = Release|Any CPU
		{17CA505D-6C39-42E7-805C-264DD6FD35FD}.Release|x86.ActiveCfg = Release|Any CPU
		{17CA505D-6C39-42E7-805C-264DD6FD35FD}.Release|x86.Build.0 = Release|Any CPU
		{3E0D1546-CC1A-404F-A144-3D3973487F5C}.Debug|Any CPU.ActiveCfg = Debug|Any CPU
		{3E0D1546-CC1A-404F-A144-3D3973487F5C}.Debug|Any CPU.Build.0 = Debug|Any CPU
		{3E0D1546-CC1A-404F-A144-3D3973487F5C}.Debug|x64.ActiveCfg = Debug|Any CPU
		{3E0D1546-CC1A-404F-A144-3D3973487F5C}.Debug|x64.Build.0 = Debug|Any CPU
		{3E0D1546-CC1A-404F-A144-3D3973487F5C}.Debug|x86.ActiveCfg = Debug|Any CPU
		{3E0D1546-CC1A-404F-A144-3D3973487F5C}.Debug|x86.Build.0 = Debug|Any CPU
		{3E0D1546-CC1A-404F-A144-3D3973487F5C}.Release|Any CPU.ActiveCfg = Release|Any CPU
		{3E0D1546-CC1A-404F-A144-3D3973487F5C}.Release|Any CPU.Build.0 = Release|Any CPU
		{3E0D1546-CC1A-404F-A144-3D3973487F5C}.Release|x64.ActiveCfg = Release|Any CPU
		{3E0D1546-CC1A-404F-A144-3D3973487F5C}.Release|x64.Build.0 = Release|Any CPU
		{3E0D1546-CC1A-404F-A144-3D3973487F5C}.Release|x86.ActiveCfg = Release|Any CPU
		{3E0D1546-CC1A-404F-A144-3D3973487F5C}.Release|x86.Build.0 = Release|Any CPU
		{852B3CB7-36FC-41C4-A31D-CCAECBFF2F73}.Debug|Any CPU.ActiveCfg = Debug|Any CPU
		{852B3CB7-36FC-41C4-A31D-CCAECBFF2F73}.Debug|Any CPU.Build.0 = Debug|Any CPU
		{852B3CB7-36FC-41C4-A31D-CCAECBFF2F73}.Debug|x64.ActiveCfg = Debug|Any CPU
		{852B3CB7-36FC-41C4-A31D-CCAECBFF2F73}.Debug|x64.Build.0 = Debug|Any CPU
		{852B3CB7-36FC-41C4-A31D-CCAECBFF2F73}.Debug|x86.ActiveCfg = Debug|Any CPU
		{852B3CB7-36FC-41C4-A31D-CCAECBFF2F73}.Debug|x86.Build.0 = Debug|Any CPU
		{852B3CB7-36FC-41C4-A31D-CCAECBFF2F73}.Release|Any CPU.ActiveCfg = Release|Any CPU
		{852B3CB7-36FC-41C4-A31D-CCAECBFF2F73}.Release|Any CPU.Build.0 = Release|Any CPU
		{852B3CB7-36FC-41C4-A31D-CCAECBFF2F73}.Release|x64.ActiveCfg = Release|Any CPU
		{852B3CB7-36FC-41C4-A31D-CCAECBFF2F73}.Release|x64.Build.0 = Release|Any CPU
		{852B3CB7-36FC-41C4-A31D-CCAECBFF2F73}.Release|x86.ActiveCfg = Release|Any CPU
		{852B3CB7-36FC-41C4-A31D-CCAECBFF2F73}.Release|x86.Build.0 = Release|Any CPU
		{F837AEE2-057D-4328-8ED6-81CEFBE4008C}.Debug|Any CPU.ActiveCfg = Debug|Any CPU
		{F837AEE2-057D-4328-8ED6-81CEFBE4008C}.Debug|Any CPU.Build.0 = Debug|Any CPU
		{F837AEE2-057D-4328-8ED6-81CEFBE4008C}.Debug|x64.ActiveCfg = Debug|Any CPU
		{F837AEE2-057D-4328-8ED6-81CEFBE4008C}.Debug|x64.Build.0 = Debug|Any CPU
		{F837AEE2-057D-4328-8ED6-81CEFBE4008C}.Debug|x86.ActiveCfg = Debug|Any CPU
		{F837AEE2-057D-4328-8ED6-81CEFBE4008C}.Debug|x86.Build.0 = Debug|Any CPU
		{F837AEE2-057D-4328-8ED6-81CEFBE4008C}.Release|Any CPU.ActiveCfg = Release|Any CPU
		{F837AEE2-057D-4328-8ED6-81CEFBE4008C}.Release|Any CPU.Build.0 = Release|Any CPU
		{F837AEE2-057D-4328-8ED6-81CEFBE4008C}.Release|x64.ActiveCfg = Release|Any CPU
		{F837AEE2-057D-4328-8ED6-81CEFBE4008C}.Release|x64.Build.0 = Release|Any CPU
		{F837AEE2-057D-4328-8ED6-81CEFBE4008C}.Release|x86.ActiveCfg = Release|Any CPU
		{F837AEE2-057D-4328-8ED6-81CEFBE4008C}.Release|x86.Build.0 = Release|Any CPU
		{A756CFD0-C28C-4995-A08D-F446DC62C991}.Debug|Any CPU.ActiveCfg = Debug|Any CPU
		{A756CFD0-C28C-4995-A08D-F446DC62C991}.Debug|Any CPU.Build.0 = Debug|Any CPU
		{A756CFD0-C28C-4995-A08D-F446DC62C991}.Debug|x64.ActiveCfg = Debug|Any CPU
		{A756CFD0-C28C-4995-A08D-F446DC62C991}.Debug|x64.Build.0 = Debug|Any CPU
		{A756CFD0-C28C-4995-A08D-F446DC62C991}.Debug|x86.ActiveCfg = Debug|Any CPU
		{A756CFD0-C28C-4995-A08D-F446DC62C991}.Debug|x86.Build.0 = Debug|Any CPU
		{A756CFD0-C28C-4995-A08D-F446DC62C991}.Release|Any CPU.ActiveCfg = Release|Any CPU
		{A756CFD0-C28C-4995-A08D-F446DC62C991}.Release|Any CPU.Build.0 = Release|Any CPU
		{A756CFD0-C28C-4995-A08D-F446DC62C991}.Release|x64.ActiveCfg = Release|Any CPU
		{A756CFD0-C28C-4995-A08D-F446DC62C991}.Release|x64.Build.0 = Release|Any CPU
		{A756CFD0-C28C-4995-A08D-F446DC62C991}.Release|x86.ActiveCfg = Release|Any CPU
		{A756CFD0-C28C-4995-A08D-F446DC62C991}.Release|x86.Build.0 = Release|Any CPU
		{2E5B03AB-2E32-43A5-9374-868DA143E4B3}.Debug|Any CPU.ActiveCfg = Debug|Any CPU
		{2E5B03AB-2E32-43A5-9374-868DA143E4B3}.Debug|Any CPU.Build.0 = Debug|Any CPU
		{2E5B03AB-2E32-43A5-9374-868DA143E4B3}.Debug|x64.ActiveCfg = Debug|Any CPU
		{2E5B03AB-2E32-43A5-9374-868DA143E4B3}.Debug|x64.Build.0 = Debug|Any CPU
		{2E5B03AB-2E32-43A5-9374-868DA143E4B3}.Debug|x86.ActiveCfg = Debug|Any CPU
		{2E5B03AB-2E32-43A5-9374-868DA143E4B3}.Debug|x86.Build.0 = Debug|Any CPU
		{2E5B03AB-2E32-43A5-9374-868DA143E4B3}.Release|Any CPU.ActiveCfg = Release|Any CPU
		{2E5B03AB-2E32-43A5-9374-868DA143E4B3}.Release|Any CPU.Build.0 = Release|Any CPU
		{2E5B03AB-2E32-43A5-9374-868DA143E4B3}.Release|x64.ActiveCfg = Release|Any CPU
		{2E5B03AB-2E32-43A5-9374-868DA143E4B3}.Release|x64.Build.0 = Release|Any CPU
		{2E5B03AB-2E32-43A5-9374-868DA143E4B3}.Release|x86.ActiveCfg = Release|Any CPU
		{2E5B03AB-2E32-43A5-9374-868DA143E4B3}.Release|x86.Build.0 = Release|Any CPU
		{F1794525-D51F-461C-8139-9FCEFBCBA794}.Debug|Any CPU.ActiveCfg = Debug|Any CPU
		{F1794525-D51F-461C-8139-9FCEFBCBA794}.Debug|Any CPU.Build.0 = Debug|Any CPU
		{F1794525-D51F-461C-8139-9FCEFBCBA794}.Debug|x64.ActiveCfg = Debug|Any CPU
		{F1794525-D51F-461C-8139-9FCEFBCBA794}.Debug|x64.Build.0 = Debug|Any CPU
		{F1794525-D51F-461C-8139-9FCEFBCBA794}.Debug|x86.ActiveCfg = Debug|Any CPU
		{F1794525-D51F-461C-8139-9FCEFBCBA794}.Debug|x86.Build.0 = Debug|Any CPU
		{F1794525-D51F-461C-8139-9FCEFBCBA794}.Release|Any CPU.ActiveCfg = Release|Any CPU
		{F1794525-D51F-461C-8139-9FCEFBCBA794}.Release|Any CPU.Build.0 = Release|Any CPU
		{F1794525-D51F-461C-8139-9FCEFBCBA794}.Release|x64.ActiveCfg = Release|Any CPU
		{F1794525-D51F-461C-8139-9FCEFBCBA794}.Release|x64.Build.0 = Release|Any CPU
		{F1794525-D51F-461C-8139-9FCEFBCBA794}.Release|x86.ActiveCfg = Release|Any CPU
		{F1794525-D51F-461C-8139-9FCEFBCBA794}.Release|x86.Build.0 = Release|Any CPU
		{38118C21-31F1-4FEB-B015-C26A871762F1}.Debug|Any CPU.ActiveCfg = Debug|Any CPU
		{38118C21-31F1-4FEB-B015-C26A871762F1}.Debug|Any CPU.Build.0 = Debug|Any CPU
		{38118C21-31F1-4FEB-B015-C26A871762F1}.Debug|x64.ActiveCfg = Debug|Any CPU
		{38118C21-31F1-4FEB-B015-C26A871762F1}.Debug|x64.Build.0 = Debug|Any CPU
		{38118C21-31F1-4FEB-B015-C26A871762F1}.Debug|x86.ActiveCfg = Debug|Any CPU
		{38118C21-31F1-4FEB-B015-C26A871762F1}.Debug|x86.Build.0 = Debug|Any CPU
		{38118C21-31F1-4FEB-B015-C26A871762F1}.Release|Any CPU.ActiveCfg = Release|Any CPU
		{38118C21-31F1-4FEB-B015-C26A871762F1}.Release|Any CPU.Build.0 = Release|Any CPU
		{38118C21-31F1-4FEB-B015-C26A871762F1}.Release|x64.ActiveCfg = Release|Any CPU
		{38118C21-31F1-4FEB-B015-C26A871762F1}.Release|x64.Build.0 = Release|Any CPU
		{38118C21-31F1-4FEB-B015-C26A871762F1}.Release|x86.ActiveCfg = Release|Any CPU
		{38118C21-31F1-4FEB-B015-C26A871762F1}.Release|x86.Build.0 = Release|Any CPU
	EndGlobalSection
	GlobalSection(NestedProjects) = preSolution
		{A6F37028-A5C3-4A73-B21F-CF8D88F18144} = {86674F9E-B027-47C7-A5B7-C7B346665600}
		{5402FB26-852D-4B57-A8BA-04E4CA8C3776} = {86674F9E-B027-47C7-A5B7-C7B346665600}
		{BDF3640C-AE51-4DE9-A00B-319B728908F2} = {86674F9E-B027-47C7-A5B7-C7B346665600}
		{3D4EDF9D-AAF2-4BB4-AD03-8A8F9A04725B} = {86674F9E-B027-47C7-A5B7-C7B346665600}
		{5E88267E-C206-4DAC-9257-CF08984E26AE} = {86674F9E-B027-47C7-A5B7-C7B346665600}
		{8B3EECF0-8F0F-483D-8FCD-34B1B4482D47} = {86674F9E-B027-47C7-A5B7-C7B346665600}
		{71C4942D-18A3-44B5-97D2-E7B75EF06977} = {86674F9E-B027-47C7-A5B7-C7B346665600}
		{17CA505D-6C39-42E7-805C-264DD6FD35FD} = {86674F9E-B027-47C7-A5B7-C7B346665600}
		{3E0D1546-CC1A-404F-A144-3D3973487F5C} = {86674F9E-B027-47C7-A5B7-C7B346665600}
		{852B3CB7-36FC-41C4-A31D-CCAECBFF2F73} = {86674F9E-B027-47C7-A5B7-C7B346665600}
		{F837AEE2-057D-4328-8ED6-81CEFBE4008C} = {86674F9E-B027-47C7-A5B7-C7B346665600}
		{A756CFD0-C28C-4995-A08D-F446DC62C991} = {86674F9E-B027-47C7-A5B7-C7B346665600}
		{2E5B03AB-2E32-43A5-9374-868DA143E4B3} = {86674F9E-B027-47C7-A5B7-C7B346665600}
		{F1794525-D51F-461C-8139-9FCEFBCBA794} = {94B898B7-8B81-418A-A4E0-77FBECC29D96}
		{38118C21-31F1-4FEB-B015-C26A871762F1} = {2ECCDCE2-E337-450A-B8D1-5019AC0991C0}
	EndGlobalSection
EndGlobal
