
Microsoft Visual Studio Solution File, Format Version 12.00
# Visual Studio Version 16
VisualStudioVersion = 16.6.30114.105
MinimumVisualStudioVersion = 10.0.40219.1
Project("{FAE04EC0-301F-11D3-BF4B-00C04F79EFBC}") = "Proton", "src\Proton\Proton.csproj", "{101F0276-086A-4955-A762-75CA8527E8CA}"
EndProject
Project("{FAE04EC0-301F-11D3-BF4B-00C04F79EFBC}") = "Proton.Client", "src\Proton.Client\Proton.Client.csproj", "{68DD9A4F-42F3-431E-AE1F-6A68F391B790}"
EndProject
Project("{FAE04EC0-301F-11D3-BF4B-00C04F79EFBC}") = "Proton.TestPeer", "src\Proton.TestPeer\Proton.TestPeer.csproj", "{74E2D2C1-C0A6-40BC-8BB5-C213E95ACD73}"
EndProject
Project("{FAE04EC0-301F-11D3-BF4B-00C04F79EFBC}") = "Proton.Tests", "test\Proton.Tests\Proton.Tests.csproj", "{D5844EF9-4F95-4FEA-ADB0-A7F51024ADEA}"
EndProject
Project("{FAE04EC0-301F-11D3-BF4B-00C04F79EFBC}") = "Proton.Client.Tests", "test\Proton.Client.Tests\Proton.Client.Tests.csproj", "{BB4EA4F2-EA31-447F-83B5-F8F594437D28}"
EndProject
Project("{FAE04EC0-301F-11D3-BF4B-00C04F79EFBC}") = "Proton.TestPeer.Tests", "test\Proton.TestPeer.Tests\Proton.TestPeer.Tests.csproj", "{93F313B9-519F-43CF-9ECC-BA10AB45F7CB}"
EndProject
Project("{2150E333-8FDC-42A3-9474-1A3956D46DE8}") = "examples", "examples", "{86674F9E-B027-47C7-A5B7-C7B346665600}"
EndProject
Project("{FAE04EC0-301F-11D3-BF4B-00C04F79EFBC}") = "Proton.HelloWorld", "examples\Proton.HelloWorld\Proton.HelloWorld.csproj", "{A6F37028-A5C3-4A73-B21F-CF8D88F18144}"
EndProject
Project("{FAE04EC0-301F-11D3-BF4B-00C04F79EFBC}") = "Proton.Send", "examples\Proton.Send\Proton.Send.csproj", "{5402FB26-852D-4B57-A8BA-04E4CA8C3776}"
EndProject
Project("{FAE04EC0-301F-11D3-BF4B-00C04F79EFBC}") = "Proton.Receive", "examples\Proton.Receive\Proton.Receive.csproj", "{BDF3640C-AE51-4DE9-A00B-319B728908F2}"
EndProject
Global
	GlobalSection(SolutionConfigurationPlatforms) = preSolution
		Debug|Any CPU = Debug|Any CPU
		Debug|x64 = Debug|x64
		Debug|x86 = Debug|x86
		Release|Any CPU = Release|Any CPU
		Release|x64 = Release|x64
		Release|x86 = Release|x86
	EndGlobalSection
	GlobalSection(SolutionProperties) = preSolution
		HideSolutionNode = FALSE
	EndGlobalSection
	GlobalSection(ProjectConfigurationPlatforms) = postSolution
		{101F0276-086A-4955-A762-75CA8527E8CA}.Debug|Any CPU.ActiveCfg = Debug|Any CPU
		{101F0276-086A-4955-A762-75CA8527E8CA}.Debug|Any CPU.Build.0 = Debug|Any CPU
		{101F0276-086A-4955-A762-75CA8527E8CA}.Debug|x64.ActiveCfg = Debug|Any CPU
		{101F0276-086A-4955-A762-75CA8527E8CA}.Debug|x64.Build.0 = Debug|Any CPU
		{101F0276-086A-4955-A762-75CA8527E8CA}.Debug|x86.ActiveCfg = Debug|Any CPU
		{101F0276-086A-4955-A762-75CA8527E8CA}.Debug|x86.Build.0 = Debug|Any CPU
		{101F0276-086A-4955-A762-75CA8527E8CA}.Release|Any CPU.ActiveCfg = Release|Any CPU
		{101F0276-086A-4955-A762-75CA8527E8CA}.Release|Any CPU.Build.0 = Release|Any CPU
		{101F0276-086A-4955-A762-75CA8527E8CA}.Release|x64.ActiveCfg = Release|Any CPU
		{101F0276-086A-4955-A762-75CA8527E8CA}.Release|x64.Build.0 = Release|Any CPU
		{101F0276-086A-4955-A762-75CA8527E8CA}.Release|x86.ActiveCfg = Release|Any CPU
		{101F0276-086A-4955-A762-75CA8527E8CA}.Release|x86.Build.0 = Release|Any CPU
		{68DD9A4F-42F3-431E-AE1F-6A68F391B790}.Debug|Any CPU.ActiveCfg = Debug|Any CPU
		{68DD9A4F-42F3-431E-AE1F-6A68F391B790}.Debug|Any CPU.Build.0 = Debug|Any CPU
		{68DD9A4F-42F3-431E-AE1F-6A68F391B790}.Debug|x64.ActiveCfg = Debug|Any CPU
		{68DD9A4F-42F3-431E-AE1F-6A68F391B790}.Debug|x64.Build.0 = Debug|Any CPU
		{68DD9A4F-42F3-431E-AE1F-6A68F391B790}.Debug|x86.ActiveCfg = Debug|Any CPU
		{68DD9A4F-42F3-431E-AE1F-6A68F391B790}.Debug|x86.Build.0 = Debug|Any CPU
		{68DD9A4F-42F3-431E-AE1F-6A68F391B790}.Release|Any CPU.ActiveCfg = Release|Any CPU
		{68DD9A4F-42F3-431E-AE1F-6A68F391B790}.Release|Any CPU.Build.0 = Release|Any CPU
		{68DD9A4F-42F3-431E-AE1F-6A68F391B790}.Release|x64.ActiveCfg = Release|Any CPU
		{68DD9A4F-42F3-431E-AE1F-6A68F391B790}.Release|x64.Build.0 = Release|Any CPU
		{68DD9A4F-42F3-431E-AE1F-6A68F391B790}.Release|x86.ActiveCfg = Release|Any CPU
		{68DD9A4F-42F3-431E-AE1F-6A68F391B790}.Release|x86.Build.0 = Release|Any CPU
		{74E2D2C1-C0A6-40BC-8BB5-C213E95ACD73}.Debug|Any CPU.ActiveCfg = Debug|Any CPU
		{74E2D2C1-C0A6-40BC-8BB5-C213E95ACD73}.Debug|Any CPU.Build.0 = Debug|Any CPU
		{74E2D2C1-C0A6-40BC-8BB5-C213E95ACD73}.Debug|x64.ActiveCfg = Debug|Any CPU
		{74E2D2C1-C0A6-40BC-8BB5-C213E95ACD73}.Debug|x64.Build.0 = Debug|Any CPU
		{74E2D2C1-C0A6-40BC-8BB5-C213E95ACD73}.Debug|x86.ActiveCfg = Debug|Any CPU
		{74E2D2C1-C0A6-40BC-8BB5-C213E95ACD73}.Debug|x86.Build.0 = Debug|Any CPU
		{74E2D2C1-C0A6-40BC-8BB5-C213E95ACD73}.Release|Any CPU.ActiveCfg = Release|Any CPU
		{74E2D2C1-C0A6-40BC-8BB5-C213E95ACD73}.Release|Any CPU.Build.0 = Release|Any CPU
		{74E2D2C1-C0A6-40BC-8BB5-C213E95ACD73}.Release|x64.ActiveCfg = Release|Any CPU
		{74E2D2C1-C0A6-40BC-8BB5-C213E95ACD73}.Release|x64.Build.0 = Release|Any CPU
		{74E2D2C1-C0A6-40BC-8BB5-C213E95ACD73}.Release|x86.ActiveCfg = Release|Any CPU
		{74E2D2C1-C0A6-40BC-8BB5-C213E95ACD73}.Release|x86.Build.0 = Release|Any CPU
		{D5844EF9-4F95-4FEA-ADB0-A7F51024ADEA}.Debug|Any CPU.ActiveCfg = Debug|Any CPU
		{D5844EF9-4F95-4FEA-ADB0-A7F51024ADEA}.Debug|Any CPU.Build.0 = Debug|Any CPU
		{D5844EF9-4F95-4FEA-ADB0-A7F51024ADEA}.Debug|x64.ActiveCfg = Debug|Any CPU
		{D5844EF9-4F95-4FEA-ADB0-A7F51024ADEA}.Debug|x64.Build.0 = Debug|Any CPU
		{D5844EF9-4F95-4FEA-ADB0-A7F51024ADEA}.Debug|x86.ActiveCfg = Debug|Any CPU
		{D5844EF9-4F95-4FEA-ADB0-A7F51024ADEA}.Debug|x86.Build.0 = Debug|Any CPU
		{D5844EF9-4F95-4FEA-ADB0-A7F51024ADEA}.Release|Any CPU.ActiveCfg = Release|Any CPU
		{D5844EF9-4F95-4FEA-ADB0-A7F51024ADEA}.Release|Any CPU.Build.0 = Release|Any CPU
		{D5844EF9-4F95-4FEA-ADB0-A7F51024ADEA}.Release|x64.ActiveCfg = Release|Any CPU
		{D5844EF9-4F95-4FEA-ADB0-A7F51024ADEA}.Release|x64.Build.0 = Release|Any CPU
		{D5844EF9-4F95-4FEA-ADB0-A7F51024ADEA}.Release|x86.ActiveCfg = Release|Any CPU
		{D5844EF9-4F95-4FEA-ADB0-A7F51024ADEA}.Release|x86.Build.0 = Release|Any CPU
		{BB4EA4F2-EA31-447F-83B5-F8F594437D28}.Debug|Any CPU.ActiveCfg = Debug|Any CPU
		{BB4EA4F2-EA31-447F-83B5-F8F594437D28}.Debug|Any CPU.Build.0 = Debug|Any CPU
		{BB4EA4F2-EA31-447F-83B5-F8F594437D28}.Debug|x64.ActiveCfg = Debug|Any CPU
		{BB4EA4F2-EA31-447F-83B5-F8F594437D28}.Debug|x64.Build.0 = Debug|Any CPU
		{BB4EA4F2-EA31-447F-83B5-F8F594437D28}.Debug|x86.ActiveCfg = Debug|Any CPU
		{BB4EA4F2-EA31-447F-83B5-F8F594437D28}.Debug|x86.Build.0 = Debug|Any CPU
		{BB4EA4F2-EA31-447F-83B5-F8F594437D28}.Release|Any CPU.ActiveCfg = Release|Any CPU
		{BB4EA4F2-EA31-447F-83B5-F8F594437D28}.Release|Any CPU.Build.0 = Release|Any CPU
		{BB4EA4F2-EA31-447F-83B5-F8F594437D28}.Release|x64.ActiveCfg = Release|Any CPU
		{BB4EA4F2-EA31-447F-83B5-F8F594437D28}.Release|x64.Build.0 = Release|Any CPU
		{BB4EA4F2-EA31-447F-83B5-F8F594437D28}.Release|x86.ActiveCfg = Release|Any CPU
		{BB4EA4F2-EA31-447F-83B5-F8F594437D28}.Release|x86.Build.0 = Release|Any CPU
		{93F313B9-519F-43CF-9ECC-BA10AB45F7CB}.Debug|Any CPU.ActiveCfg = Debug|Any CPU
		{93F313B9-519F-43CF-9ECC-BA10AB45F7CB}.Debug|Any CPU.Build.0 = Debug|Any CPU
		{93F313B9-519F-43CF-9ECC-BA10AB45F7CB}.Debug|x64.ActiveCfg = Debug|Any CPU
		{93F313B9-519F-43CF-9ECC-BA10AB45F7CB}.Debug|x64.Build.0 = Debug|Any CPU
		{93F313B9-519F-43CF-9ECC-BA10AB45F7CB}.Debug|x86.ActiveCfg = Debug|Any CPU
		{93F313B9-519F-43CF-9ECC-BA10AB45F7CB}.Debug|x86.Build.0 = Debug|Any CPU
		{93F313B9-519F-43CF-9ECC-BA10AB45F7CB}.Release|Any CPU.ActiveCfg = Release|Any CPU
		{93F313B9-519F-43CF-9ECC-BA10AB45F7CB}.Release|Any CPU.Build.0 = Release|Any CPU
		{93F313B9-519F-43CF-9ECC-BA10AB45F7CB}.Release|x64.ActiveCfg = Release|Any CPU
		{93F313B9-519F-43CF-9ECC-BA10AB45F7CB}.Release|x64.Build.0 = Release|Any CPU
		{93F313B9-519F-43CF-9ECC-BA10AB45F7CB}.Release|x86.ActiveCfg = Release|Any CPU
		{93F313B9-519F-43CF-9ECC-BA10AB45F7CB}.Release|x86.Build.0 = Release|Any CPU
		{A6F37028-A5C3-4A73-B21F-CF8D88F18144}.Debug|Any CPU.ActiveCfg = Debug|Any CPU
		{A6F37028-A5C3-4A73-B21F-CF8D88F18144}.Debug|Any CPU.Build.0 = Debug|Any CPU
		{A6F37028-A5C3-4A73-B21F-CF8D88F18144}.Debug|x64.ActiveCfg = Debug|Any CPU
		{A6F37028-A5C3-4A73-B21F-CF8D88F18144}.Debug|x64.Build.0 = Debug|Any CPU
		{A6F37028-A5C3-4A73-B21F-CF8D88F18144}.Debug|x86.ActiveCfg = Debug|Any CPU
		{A6F37028-A5C3-4A73-B21F-CF8D88F18144}.Debug|x86.Build.0 = Debug|Any CPU
		{A6F37028-A5C3-4A73-B21F-CF8D88F18144}.Release|Any CPU.ActiveCfg = Release|Any CPU
		{A6F37028-A5C3-4A73-B21F-CF8D88F18144}.Release|Any CPU.Build.0 = Release|Any CPU
		{A6F37028-A5C3-4A73-B21F-CF8D88F18144}.Release|x64.ActiveCfg = Release|Any CPU
		{A6F37028-A5C3-4A73-B21F-CF8D88F18144}.Release|x64.Build.0 = Release|Any CPU
		{A6F37028-A5C3-4A73-B21F-CF8D88F18144}.Release|x86.ActiveCfg = Release|Any CPU
		{A6F37028-A5C3-4A73-B21F-CF8D88F18144}.Release|x86.Build.0 = Release|Any CPU
		{5402FB26-852D-4B57-A8BA-04E4CA8C3776}.Debug|Any CPU.ActiveCfg = Debug|Any CPU
		{5402FB26-852D-4B57-A8BA-04E4CA8C3776}.Debug|Any CPU.Build.0 = Debug|Any CPU
		{5402FB26-852D-4B57-A8BA-04E4CA8C3776}.Debug|x64.ActiveCfg = Debug|Any CPU
		{5402FB26-852D-4B57-A8BA-04E4CA8C3776}.Debug|x64.Build.0 = Debug|Any CPU
		{5402FB26-852D-4B57-A8BA-04E4CA8C3776}.Debug|x86.ActiveCfg = Debug|Any CPU
		{5402FB26-852D-4B57-A8BA-04E4CA8C3776}.Debug|x86.Build.0 = Debug|Any CPU
		{5402FB26-852D-4B57-A8BA-04E4CA8C3776}.Release|Any CPU.ActiveCfg = Release|Any CPU
		{5402FB26-852D-4B57-A8BA-04E4CA8C3776}.Release|Any CPU.Build.0 = Release|Any CPU
		{5402FB26-852D-4B57-A8BA-04E4CA8C3776}.Release|x64.ActiveCfg = Release|Any CPU
		{5402FB26-852D-4B57-A8BA-04E4CA8C3776}.Release|x64.Build.0 = Release|Any CPU
		{5402FB26-852D-4B57-A8BA-04E4CA8C3776}.Release|x86.ActiveCfg = Release|Any CPU
		{5402FB26-852D-4B57-A8BA-04E4CA8C3776}.Release|x86.Build.0 = Release|Any CPU
		{BDF3640C-AE51-4DE9-A00B-319B728908F2}.Debug|Any CPU.ActiveCfg = Debug|Any CPU
		{BDF3640C-AE51-4DE9-A00B-319B728908F2}.Debug|Any CPU.Build.0 = Debug|Any CPU
		{BDF3640C-AE51-4DE9-A00B-319B728908F2}.Debug|x64.ActiveCfg = Debug|Any CPU
		{BDF3640C-AE51-4DE9-A00B-319B728908F2}.Debug|x64.Build.0 = Debug|Any CPU
		{BDF3640C-AE51-4DE9-A00B-319B728908F2}.Debug|x86.ActiveCfg = Debug|Any CPU
		{BDF3640C-AE51-4DE9-A00B-319B728908F2}.Debug|x86.Build.0 = Debug|Any CPU
		{BDF3640C-AE51-4DE9-A00B-319B728908F2}.Release|Any CPU.ActiveCfg = Release|Any CPU
		{BDF3640C-AE51-4DE9-A00B-319B728908F2}.Release|Any CPU.Build.0 = Release|Any CPU
		{BDF3640C-AE51-4DE9-A00B-319B728908F2}.Release|x64.ActiveCfg = Release|Any CPU
		{BDF3640C-AE51-4DE9-A00B-319B728908F2}.Release|x64.Build.0 = Release|Any CPU
		{BDF3640C-AE51-4DE9-A00B-319B728908F2}.Release|x86.ActiveCfg = Release|Any CPU
		{BDF3640C-AE51-4DE9-A00B-319B728908F2}.Release|x86.Build.0 = Release|Any CPU
	EndGlobalSection
	GlobalSection(NestedProjects) = preSolution
		{A6F37028-A5C3-4A73-B21F-CF8D88F18144} = {86674F9E-B027-47C7-A5B7-C7B346665600}
		{5402FB26-852D-4B57-A8BA-04E4CA8C3776} = {86674F9E-B027-47C7-A5B7-C7B346665600}
		{BDF3640C-AE51-4DE9-A00B-319B728908F2} = {86674F9E-B027-47C7-A5B7-C7B346665600}
	EndGlobalSection
EndGlobal
